// !$*UTF8*$!
{
	archiveVersion = 1;
	classes = {
	};
	objectVersion = 56;
	objects = {

/* Begin PBXBuildFile section */
		8BEB82602AC4739E00ED08E3 /* _DVizualizerApp.swift in Sources */ = {isa = PBXBuildFile; fileRef = 8BEB825F2AC4739E00ED08E3 /* _DVizualizerApp.swift */; };
		8BEB82622AC4739E00ED08E3 /* ContentView.swift in Sources */ = {isa = PBXBuildFile; fileRef = 8BEB82612AC4739E00ED08E3 /* ContentView.swift */; };
		8BEB82642AC4739F00ED08E3 /* Assets.xcassets in Resources */ = {isa = PBXBuildFile; fileRef = 8BEB82632AC4739F00ED08E3 /* Assets.xcassets */; };
		8BEB82672AC4739F00ED08E3 /* Preview Assets.xcassets in Resources */ = {isa = PBXBuildFile; fileRef = 8BEB82662AC4739F00ED08E3 /* Preview Assets.xcassets */; };
		8BEB82712AC473A000ED08E3 /* _DVizualizerTests.swift in Sources */ = {isa = PBXBuildFile; fileRef = 8BEB82702AC473A000ED08E3 /* _DVizualizerTests.swift */; };
		8BEB827B2AC473A000ED08E3 /* _DVizualizerUITests.swift in Sources */ = {isa = PBXBuildFile; fileRef = 8BEB827A2AC473A000ED08E3 /* _DVizualizerUITests.swift */; };
		8BEB827D2AC473A000ED08E3 /* _DVizualizerUITestsLaunchTests.swift in Sources */ = {isa = PBXBuildFile; fileRef = 8BEB827C2AC473A000ED08E3 /* _DVizualizerUITestsLaunchTests.swift */; };
/* End PBXBuildFile section */

/* Begin PBXContainerItemProxy section */
		8BEB826D2AC473A000ED08E3 /* PBXContainerItemProxy */ = {
			isa = PBXContainerItemProxy;
			containerPortal = 8BEB82542AC4739E00ED08E3 /* Project object */;
			proxyType = 1;
			remoteGlobalIDString = 8BEB825B2AC4739E00ED08E3;
			remoteInfo = 3DVizualizer;
		};
		8BEB82772AC473A000ED08E3 /* PBXContainerItemProxy */ = {
			isa = PBXContainerItemProxy;
			containerPortal = 8BEB82542AC4739E00ED08E3 /* Project object */;
			proxyType = 1;
			remoteGlobalIDString = 8BEB825B2AC4739E00ED08E3;
			remoteInfo = 3DVizualizer;
		};
/* End PBXContainerItemProxy section */

/* Begin PBXFileReference section */
		8BEB825C2AC4739E00ED08E3 /* 3DVizualizer.app */ = {isa = PBXFileReference; explicitFileType = wrapper.application; includeInIndex = 0; path = 3DVizualizer.app; sourceTree = BUILT_PRODUCTS_DIR; };
		8BEB825F2AC4739E00ED08E3 /* _DVizualizerApp.swift */ = {isa = PBXFileReference; lastKnownFileType = sourcecode.swift; path = _DVizualizerApp.swift; sourceTree = "<group>"; };
		8BEB82612AC4739E00ED08E3 /* ContentView.swift */ = {isa = PBXFileReference; lastKnownFileType = sourcecode.swift; path = ContentView.swift; sourceTree = "<group>"; };
		8BEB82632AC4739F00ED08E3 /* Assets.xcassets */ = {isa = PBXFileReference; lastKnownFileType = folder.assetcatalog; path = Assets.xcassets; sourceTree = "<group>"; };
		8BEB82662AC4739F00ED08E3 /* Preview Assets.xcassets */ = {isa = PBXFileReference; lastKnownFileType = folder.assetcatalog; path = "Preview Assets.xcassets"; sourceTree = "<group>"; };
		8BEB826C2AC473A000ED08E3 /* 3DVizualizerTests.xctest */ = {isa = PBXFileReference; explicitFileType = wrapper.cfbundle; includeInIndex = 0; path = 3DVizualizerTests.xctest; sourceTree = BUILT_PRODUCTS_DIR; };
		8BEB82702AC473A000ED08E3 /* _DVizualizerTests.swift */ = {isa = PBXFileReference; lastKnownFileType = sourcecode.swift; path = _DVizualizerTests.swift; sourceTree = "<group>"; };
		8BEB82762AC473A000ED08E3 /* 3DVizualizerUITests.xctest */ = {isa = PBXFileReference; explicitFileType = wrapper.cfbundle; includeInIndex = 0; path = 3DVizualizerUITests.xctest; sourceTree = BUILT_PRODUCTS_DIR; };
		8BEB827A2AC473A000ED08E3 /* _DVizualizerUITests.swift */ = {isa = PBXFileReference; lastKnownFileType = sourcecode.swift; path = _DVizualizerUITests.swift; sourceTree = "<group>"; };
		8BEB827C2AC473A000ED08E3 /* _DVizualizerUITestsLaunchTests.swift */ = {isa = PBXFileReference; lastKnownFileType = sourcecode.swift; path = _DVizualizerUITestsLaunchTests.swift; sourceTree = "<group>"; };
/* End PBXFileReference section */

/* Begin PBXFrameworksBuildPhase section */
		8BEB82592AC4739E00ED08E3 /* Frameworks */ = {
			isa = PBXFrameworksBuildPhase;
			buildActionMask = 2147483647;
			files = (
			);
			runOnlyForDeploymentPostprocessing = 0;
		};
		8BEB82692AC473A000ED08E3 /* Frameworks */ = {
			isa = PBXFrameworksBuildPhase;
			buildActionMask = 2147483647;
			files = (
			);
			runOnlyForDeploymentPostprocessing = 0;
		};
		8BEB82732AC473A000ED08E3 /* Frameworks */ = {
			isa = PBXFrameworksBuildPhase;
			buildActionMask = 2147483647;
			files = (
			);
			runOnlyForDeploymentPostprocessing = 0;
		};
/* End PBXFrameworksBuildPhase section */

/* Begin PBXGroup section */
		8BEB82532AC4739E00ED08E3 = {
			isa = PBXGroup;
			children = (
				8BEB825E2AC4739E00ED08E3 /* 3DVizualizer */,
				8BEB826F2AC473A000ED08E3 /* 3DVizualizerTests */,
				8BEB82792AC473A000ED08E3 /* 3DVizualizerUITests */,
				8BEB825D2AC4739E00ED08E3 /* Products */,
			);
			sourceTree = "<group>";
		};
		8BEB825D2AC4739E00ED08E3 /* Products */ = {
			isa = PBXGroup;
			children = (
				8BEB825C2AC4739E00ED08E3 /* 3DVizualizer.app */,
				8BEB826C2AC473A000ED08E3 /* 3DVizualizerTests.xctest */,
				8BEB82762AC473A000ED08E3 /* 3DVizualizerUITests.xctest */,
			);
			name = Products;
			sourceTree = "<group>";
		};
		8BEB825E2AC4739E00ED08E3 /* 3DVizualizer */ = {
			isa = PBXGroup;
			children = (
				8BEB825F2AC4739E00ED08E3 /* _DVizualizerApp.swift */,
				8BEB82612AC4739E00ED08E3 /* ContentView.swift */,
				8BEB82632AC4739F00ED08E3 /* Assets.xcassets */,
				8BEB82652AC4739F00ED08E3 /* Preview Content */,
			);
			path = 3DVizualizer;
			sourceTree = "<group>";
		};
		8BEB82652AC4739F00ED08E3 /* Preview Content */ = {
			isa = PBXGroup;
			children = (
				8BEB82662AC4739F00ED08E3 /* Preview Assets.xcassets */,
			);
			path = "Preview Content";
			sourceTree = "<group>";
		};
		8BEB826F2AC473A000ED08E3 /* 3DVizualizerTests */ = {
			isa = PBXGroup;
			children = (
				8BEB82702AC473A000ED08E3 /* _DVizualizerTests.swift */,
			);
			path = 3DVizualizerTests;
			sourceTree = "<group>";
		};
		8BEB82792AC473A000ED08E3 /* 3DVizualizerUITests */ = {
			isa = PBXGroup;
			children = (
				8BEB827A2AC473A000ED08E3 /* _DVizualizerUITests.swift */,
				8BEB827C2AC473A000ED08E3 /* _DVizualizerUITestsLaunchTests.swift */,
			);
			path = 3DVizualizerUITests;
			sourceTree = "<group>";
		};
/* End PBXGroup section */

/* Begin PBXNativeTarget section */
		8BEB825B2AC4739E00ED08E3 /* 3DVizualizer */ = {
			isa = PBXNativeTarget;
			buildConfigurationList = 8BEB82802AC473A000ED08E3 /* Build configuration list for PBXNativeTarget "3DVizualizer" */;
			buildPhases = (
				8BEB82582AC4739E00ED08E3 /* Sources */,
				8BEB82592AC4739E00ED08E3 /* Frameworks */,
				8BEB825A2AC4739E00ED08E3 /* Resources */,
			);
			buildRules = (
			);
			dependencies = (
			);
			name = 3DVizualizer;
			productName = 3DVizualizer;
			productReference = 8BEB825C2AC4739E00ED08E3 /* 3DVizualizer.app */;
			productType = "com.apple.product-type.application";
		};
		8BEB826B2AC473A000ED08E3 /* 3DVizualizerTests */ = {
			isa = PBXNativeTarget;
			buildConfigurationList = 8BEB82832AC473A000ED08E3 /* Build configuration list for PBXNativeTarget "3DVizualizerTests" */;
			buildPhases = (
				8BEB82682AC473A000ED08E3 /* Sources */,
				8BEB82692AC473A000ED08E3 /* Frameworks */,
				8BEB826A2AC473A000ED08E3 /* Resources */,
			);
			buildRules = (
			);
			dependencies = (
				8BEB826E2AC473A000ED08E3 /* PBXTargetDependency */,
			);
			name = 3DVizualizerTests;
			productName = 3DVizualizerTests;
			productReference = 8BEB826C2AC473A000ED08E3 /* 3DVizualizerTests.xctest */;
			productType = "com.apple.product-type.bundle.unit-test";
		};
		8BEB82752AC473A000ED08E3 /* 3DVizualizerUITests */ = {
			isa = PBXNativeTarget;
			buildConfigurationList = 8BEB82862AC473A000ED08E3 /* Build configuration list for PBXNativeTarget "3DVizualizerUITests" */;
			buildPhases = (
				8BEB82722AC473A000ED08E3 /* Sources */,
				8BEB82732AC473A000ED08E3 /* Frameworks */,
				8BEB82742AC473A000ED08E3 /* Resources */,
			);
			buildRules = (
			);
			dependencies = (
				8BEB82782AC473A000ED08E3 /* PBXTargetDependency */,
			);
			name = 3DVizualizerUITests;
			productName = 3DVizualizerUITests;
			productReference = 8BEB82762AC473A000ED08E3 /* 3DVizualizerUITests.xctest */;
			productType = "com.apple.product-type.bundle.ui-testing";
		};
/* End PBXNativeTarget section */

/* Begin PBXProject section */
		8BEB82542AC4739E00ED08E3 /* Project object */ = {
			isa = PBXProject;
			attributes = {
				BuildIndependentTargetsInParallel = 1;
				LastSwiftUpdateCheck = 1500;
				LastUpgradeCheck = 1500;
				TargetAttributes = {
					8BEB825B2AC4739E00ED08E3 = {
						CreatedOnToolsVersion = 15.0;
					};
					8BEB826B2AC473A000ED08E3 = {
						CreatedOnToolsVersion = 15.0;
						TestTargetID = 8BEB825B2AC4739E00ED08E3;
					};
					8BEB82752AC473A000ED08E3 = {
						CreatedOnToolsVersion = 15.0;
						TestTargetID = 8BEB825B2AC4739E00ED08E3;
					};
				};
			};
			buildConfigurationList = 8BEB82572AC4739E00ED08E3 /* Build configuration list for PBXProject "3DVizualizer" */;
			compatibilityVersion = "Xcode 14.0";
			developmentRegion = en;
			hasScannedForEncodings = 0;
			knownRegions = (
				en,
				Base,
			);
			mainGroup = 8BEB82532AC4739E00ED08E3;
			productRefGroup = 8BEB825D2AC4739E00ED08E3 /* Products */;
			projectDirPath = "";
			projectRoot = "";
			targets = (
				8BEB825B2AC4739E00ED08E3 /* 3DVizualizer */,
				8BEB826B2AC473A000ED08E3 /* 3DVizualizerTests */,
				8BEB82752AC473A000ED08E3 /* 3DVizualizerUITests */,
			);
		};
/* End PBXProject section */

/* Begin PBXResourcesBuildPhase section */
		8BEB825A2AC4739E00ED08E3 /* Resources */ = {
			isa = PBXResourcesBuildPhase;
			buildActionMask = 2147483647;
			files = (
				8BEB82672AC4739F00ED08E3 /* Preview Assets.xcassets in Resources */,
				8BEB82642AC4739F00ED08E3 /* Assets.xcassets in Resources */,
			);
			runOnlyForDeploymentPostprocessing = 0;
		};
		8BEB826A2AC473A000ED08E3 /* Resources */ = {
			isa = PBXResourcesBuildPhase;
			buildActionMask = 2147483647;
			files = (
			);
			runOnlyForDeploymentPostprocessing = 0;
		};
		8BEB82742AC473A000ED08E3 /* Resources */ = {
			isa = PBXResourcesBuildPhase;
			buildActionMask = 2147483647;
			files = (
			);
			runOnlyForDeploymentPostprocessing = 0;
		};
/* End PBXResourcesBuildPhase section */

/* Begin PBXSourcesBuildPhase section */
		8BEB82582AC4739E00ED08E3 /* Sources */ = {
			isa = PBXSourcesBuildPhase;
			buildActionMask = 2147483647;
			files = (
				8BEB82622AC4739E00ED08E3 /* ContentView.swift in Sources */,
				8BEB82602AC4739E00ED08E3 /* _DVizualizerApp.swift in Sources */,
			);
			runOnlyForDeploymentPostprocessing = 0;
		};
		8BEB82682AC473A000ED08E3 /* Sources */ = {
			isa = PBXSourcesBuildPhase;
			buildActionMask = 2147483647;
			files = (
				8BEB82712AC473A000ED08E3 /* _DVizualizerTests.swift in Sources */,
			);
			runOnlyForDeploymentPostprocessing = 0;
		};
		8BEB82722AC473A000ED08E3 /* Sources */ = {
			isa = PBXSourcesBuildPhase;
			buildActionMask = 2147483647;
			files = (
				8BEB827D2AC473A000ED08E3 /* _DVizualizerUITestsLaunchTests.swift in Sources */,
				8BEB827B2AC473A000ED08E3 /* _DVizualizerUITests.swift in Sources */,
			);
			runOnlyForDeploymentPostprocessing = 0;
		};
/* End PBXSourcesBuildPhase section */

/* Begin PBXTargetDependency section */
		8BEB826E2AC473A000ED08E3 /* PBXTargetDependency */ = {
			isa = PBXTargetDependency;
			target = 8BEB825B2AC4739E00ED08E3 /* 3DVizualizer */;
			targetProxy = 8BEB826D2AC473A000ED08E3 /* PBXContainerItemProxy */;
		};
		8BEB82782AC473A000ED08E3 /* PBXTargetDependency */ = {
			isa = PBXTargetDependency;
			target = 8BEB825B2AC4739E00ED08E3 /* 3DVizualizer */;
			targetProxy = 8BEB82772AC473A000ED08E3 /* PBXContainerItemProxy */;
		};
/* End PBXTargetDependency section */

/* Begin XCBuildConfiguration section */
		8BEB827E2AC473A000ED08E3 /* Debug */ = {
			isa = XCBuildConfiguration;
			buildSettings = {
				ALWAYS_SEARCH_USER_PATHS = NO;
				ASSETCATALOG_COMPILER_GENERATE_SWIFT_ASSET_SYMBOL_EXTENSIONS = YES;
				CLANG_ANALYZER_NONNULL = YES;
				CLANG_ANALYZER_NUMBER_OBJECT_CONVERSION = YES_AGGRESSIVE;
				CLANG_CXX_LANGUAGE_STANDARD = "gnu++20";
				CLANG_ENABLE_MODULES = YES;
				CLANG_ENABLE_OBJC_ARC = YES;
				CLANG_ENABLE_OBJC_WEAK = YES;
				CLANG_WARN_BLOCK_CAPTURE_AUTORELEASING = YES;
				CLANG_WARN_BOOL_CONVERSION = YES;
				CLANG_WARN_COMMA = YES;
				CLANG_WARN_CONSTANT_CONVERSION = YES;
				CLANG_WARN_DEPRECATED_OBJC_IMPLEMENTATIONS = YES;
				CLANG_WARN_DIRECT_OBJC_ISA_USAGE = YES_ERROR;
				CLANG_WARN_DOCUMENTATION_COMMENTS = YES;
				CLANG_WARN_EMPTY_BODY = YES;
				CLANG_WARN_ENUM_CONVERSION = YES;
				CLANG_WARN_INFINITE_RECURSION = YES;
				CLANG_WARN_INT_CONVERSION = YES;
				CLANG_WARN_NON_LITERAL_NULL_CONVERSION = YES;
				CLANG_WARN_OBJC_IMPLICIT_RETAIN_SELF = YES;
				CLANG_WARN_OBJC_LITERAL_CONVERSION = YES;
				CLANG_WARN_OBJC_ROOT_CLASS = YES_ERROR;
				CLANG_WARN_QUOTED_INCLUDE_IN_FRAMEWORK_HEADER = YES;
				CLANG_WARN_RANGE_LOOP_ANALYSIS = YES;
				CLANG_WARN_STRICT_PROTOTYPES = YES;
				CLANG_WARN_SUSPICIOUS_MOVE = YES;
				CLANG_WARN_UNGUARDED_AVAILABILITY = YES_AGGRESSIVE;
				CLANG_WARN_UNREACHABLE_CODE = YES;
				CLANG_WARN__DUPLICATE_METHOD_MATCH = YES;
				COPY_PHASE_STRIP = NO;
				DEBUG_INFORMATION_FORMAT = dwarf;
				ENABLE_STRICT_OBJC_MSGSEND = YES;
				ENABLE_TESTABILITY = YES;
				ENABLE_USER_SCRIPT_SANDBOXING = YES;
				GCC_C_LANGUAGE_STANDARD = gnu17;
				GCC_DYNAMIC_NO_PIC = NO;
				GCC_NO_COMMON_BLOCKS = YES;
				GCC_OPTIMIZATION_LEVEL = 0;
				GCC_PREPROCESSOR_DEFINITIONS = (
					"DEBUG=1",
					"$(inherited)",
				);
				GCC_WARN_64_TO_32_BIT_CONVERSION = YES;
				GCC_WARN_ABOUT_RETURN_TYPE = YES_ERROR;
				GCC_WARN_UNDECLARED_SELECTOR = YES;
				GCC_WARN_UNINITIALIZED_AUTOS = YES_AGGRESSIVE;
				GCC_WARN_UNUSED_FUNCTION = YES;
				GCC_WARN_UNUSED_VARIABLE = YES;
				IPHONEOS_DEPLOYMENT_TARGET = 17.0;
				LOCALIZATION_PREFERS_STRING_CATALOGS = YES;
				MTL_ENABLE_DEBUG_INFO = INCLUDE_SOURCE;
				MTL_FAST_MATH = YES;
				ONLY_ACTIVE_ARCH = YES;
				SDKROOT = iphoneos;
				SWIFT_ACTIVE_COMPILATION_CONDITIONS = "DEBUG $(inherited)";
				SWIFT_OPTIMIZATION_LEVEL = "-Onone";
			};
			name = Debug;
		};
		8BEB827F2AC473A000ED08E3 /* Release */ = {
			isa = XCBuildConfiguration;
			buildSettings = {
				ALWAYS_SEARCH_USER_PATHS = NO;
				ASSETCATALOG_COMPILER_GENERATE_SWIFT_ASSET_SYMBOL_EXTENSIONS = YES;
				CLANG_ANALYZER_NONNULL = YES;
				CLANG_ANALYZER_NUMBER_OBJECT_CONVERSION = YES_AGGRESSIVE;
				CLANG_CXX_LANGUAGE_STANDARD = "gnu++20";
				CLANG_ENABLE_MODULES = YES;
				CLANG_ENABLE_OBJC_ARC = YES;
				CLANG_ENABLE_OBJC_WEAK = YES;
				CLANG_WARN_BLOCK_CAPTURE_AUTORELEASING = YES;
				CLANG_WARN_BOOL_CONVERSION = YES;
				CLANG_WARN_COMMA = YES;
				CLANG_WARN_CONSTANT_CONVERSION = YES;
				CLANG_WARN_DEPRECATED_OBJC_IMPLEMENTATIONS = YES;
				CLANG_WARN_DIRECT_OBJC_ISA_USAGE = YES_ERROR;
				CLANG_WARN_DOCUMENTATION_COMMENTS = YES;
				CLANG_WARN_EMPTY_BODY = YES;
				CLANG_WARN_ENUM_CONVERSION = YES;
				CLANG_WARN_INFINITE_RECURSION = YES;
				CLANG_WARN_INT_CONVERSION = YES;
				CLANG_WARN_NON_LITERAL_NULL_CONVERSION = YES;
				CLANG_WARN_OBJC_IMPLICIT_RETAIN_SELF = YES;
				CLANG_WARN_OBJC_LITERAL_CONVERSION = YES;
				CLANG_WARN_OBJC_ROOT_CLASS = YES_ERROR;
				CLANG_WARN_QUOTED_INCLUDE_IN_FRAMEWORK_HEADER = YES;
				CLANG_WARN_RANGE_LOOP_ANALYSIS = YES;
				CLANG_WARN_STRICT_PROTOTYPES = YES;
				CLANG_WARN_SUSPICIOUS_MOVE = YES;
				CLANG_WARN_UNGUARDED_AVAILABILITY = YES_AGGRESSIVE;
				CLANG_WARN_UNREACHABLE_CODE = YES;
				CLANG_WARN__DUPLICATE_METHOD_MATCH = YES;
				COPY_PHASE_STRIP = NO;
				DEBUG_INFORMATION_FORMAT = "dwarf-with-dsym";
				ENABLE_NS_ASSERTIONS = NO;
				ENABLE_STRICT_OBJC_MSGSEND = YES;
				ENABLE_USER_SCRIPT_SANDBOXING = YES;
				GCC_C_LANGUAGE_STANDARD = gnu17;
				GCC_NO_COMMON_BLOCKS = YES;
				GCC_WARN_64_TO_32_BIT_CONVERSION = YES;
				GCC_WARN_ABOUT_RETURN_TYPE = YES_ERROR;
				GCC_WARN_UNDECLARED_SELECTOR = YES;
				GCC_WARN_UNINITIALIZED_AUTOS = YES_AGGRESSIVE;
				GCC_WARN_UNUSED_FUNCTION = YES;
				GCC_WARN_UNUSED_VARIABLE = YES;
				IPHONEOS_DEPLOYMENT_TARGET = 17.0;
				LOCALIZATION_PREFERS_STRING_CATALOGS = YES;
				MTL_ENABLE_DEBUG_INFO = NO;
				MTL_FAST_MATH = YES;
				SDKROOT = iphoneos;
				SWIFT_COMPILATION_MODE = wholemodule;
				VALIDATE_PRODUCT = YES;
			};
			name = Release;
		};
		8BEB82812AC473A000ED08E3 /* Debug */ = {
			isa = XCBuildConfiguration;
			buildSettings = {
				ASSETCATALOG_COMPILER_APPICON_NAME = AppIcon;
				ASSETCATALOG_COMPILER_GLOBAL_ACCENT_COLOR_NAME = AccentColor;
				CODE_SIGN_STYLE = Automatic;
				CURRENT_PROJECT_VERSION = 1;
				DEVELOPMENT_ASSET_PATHS = "\"3DVizualizer/Preview Content\"";
				DEVELOPMENT_TEAM = 86VT643277;
				ENABLE_PREVIEWS = YES;
				GENERATE_INFOPLIST_FILE = YES;
				INFOPLIST_KEY_UIApplicationSceneManifest_Generation = YES;
				INFOPLIST_KEY_UIApplicationSupportsIndirectInputEvents = YES;
				INFOPLIST_KEY_UILaunchScreen_Generation = YES;
				INFOPLIST_KEY_UISupportedInterfaceOrientations_iPad = "UIInterfaceOrientationPortrait UIInterfaceOrientationPortraitUpsideDown UIInterfaceOrientationLandscapeLeft UIInterfaceOrientationLandscapeRight";
				INFOPLIST_KEY_UISupportedInterfaceOrientations_iPhone = "UIInterfaceOrientationPortrait UIInterfaceOrientationLandscapeLeft UIInterfaceOrientationLandscapeRight";
				LD_RUNPATH_SEARCH_PATHS = (
					"$(inherited)",
					"@executable_path/Frameworks",
				);
				MARKETING_VERSION = 1.0;
				PRODUCT_BUNDLE_IDENTIFIER = "-2.-DVizualizer";
				PRODUCT_NAME = "$(TARGET_NAME)";
				SWIFT_EMIT_LOC_STRINGS = YES;
				SWIFT_VERSION = 5.0;
				TARGETED_DEVICE_FAMILY = "1,2";
			};
			name = Debug;
		};
		8BEB82822AC473A000ED08E3 /* Release */ = {
			isa = XCBuildConfiguration;
			buildSettings = {
				ASSETCATALOG_COMPILER_APPICON_NAME = AppIcon;
				ASSETCATALOG_COMPILER_GLOBAL_ACCENT_COLOR_NAME = AccentColor;
				CODE_SIGN_STYLE = Automatic;
				CURRENT_PROJECT_VERSION = 1;
				DEVELOPMENT_ASSET_PATHS = "\"3DVizualizer/Preview Content\"";
				DEVELOPMENT_TEAM = 86VT643277;
				ENABLE_PREVIEWS = YES;
				GENERATE_INFOPLIST_FILE = YES;
				INFOPLIST_KEY_UIApplicationSceneManifest_Generation = YES;
				INFOPLIST_KEY_UIApplicationSupportsIndirectInputEvents = YES;
				INFOPLIST_KEY_UILaunchScreen_Generation = YES;
				INFOPLIST_KEY_UISupportedInterfaceOrientations_iPad = "UIInterfaceOrientationPortrait UIInterfaceOrientationPortraitUpsideDown UIInterfaceOrientationLandscapeLeft UIInterfaceOrientationLandscapeRight";
				INFOPLIST_KEY_UISupportedInterfaceOrientations_iPhone = "UIInterfaceOrientationPortrait UIInterfaceOrientationLandscapeLeft UIInterfaceOrientationLandscapeRight";
				LD_RUNPATH_SEARCH_PATHS = (
					"$(inherited)",
					"@executable_path/Frameworks",
				);
				MARKETING_VERSION = 1.0;
				PRODUCT_BUNDLE_IDENTIFIER = "-2.-DVizualizer";
				PRODUCT_NAME = "$(TARGET_NAME)";
				SWIFT_EMIT_LOC_STRINGS = YES;
				SWIFT_VERSION = 5.0;
				TARGETED_DEVICE_FAMILY = "1,2";
			};
			name = Release;
		};
		8BEB82842AC473A000ED08E3 /* Debug */ = {
			isa = XCBuildConfiguration;
			buildSettings = {
				ALWAYS_EMBED_SWIFT_STANDARD_LIBRARIES = YES;
				BUNDLE_LOADER = "$(TEST_HOST)";
				CODE_SIGN_STYLE = Automatic;
				CURRENT_PROJECT_VERSION = 1;
				DEVELOPMENT_TEAM = 86VT643277;
				GENERATE_INFOPLIST_FILE = YES;
				IPHONEOS_DEPLOYMENT_TARGET = 17.0;
				MARKETING_VERSION = 1.0;
				PRODUCT_BUNDLE_IDENTIFIER = "-2.-DVizualizerTests";
				PRODUCT_NAME = "$(TARGET_NAME)";
				SWIFT_EMIT_LOC_STRINGS = NO;
				SWIFT_VERSION = 5.0;
				TARGETED_DEVICE_FAMILY = "1,2";
				TEST_HOST = "$(BUILT_PRODUCTS_DIR)/3DVizualizer.app/$(BUNDLE_EXECUTABLE_FOLDER_PATH)/3DVizualizer";
			};
			name = Debug;
		};
		8BEB82852AC473A000ED08E3 /* Release */ = {
			isa = XCBuildConfiguration;
			buildSettings = {
				ALWAYS_EMBED_SWIFT_STANDARD_LIBRARIES = YES;
				BUNDLE_LOADER = "$(TEST_HOST)";
				CODE_SIGN_STYLE = Automatic;
				CURRENT_PROJECT_VERSION = 1;
				DEVELOPMENT_TEAM = 86VT643277;
				GENERATE_INFOPLIST_FILE = YES;
				IPHONEOS_DEPLOYMENT_TARGET = 17.0;
				MARKETING_VERSION = 1.0;
				PRODUCT_BUNDLE_IDENTIFIER = "-2.-DVizualizerTests";
				PRODUCT_NAME = "$(TARGET_NAME)";
				SWIFT_EMIT_LOC_STRINGS = NO;
				SWIFT_VERSION = 5.0;
				TARGETED_DEVICE_FAMILY = "1,2";
				TEST_HOST = "$(BUILT_PRODUCTS_DIR)/3DVizualizer.app/$(BUNDLE_EXECUTABLE_FOLDER_PATH)/3DVizualizer";
			};
			name = Release;
		};
		8BEB82872AC473A000ED08E3 /* Debug */ = {
			isa = XCBuildConfiguration;
			buildSettings = {
				ALWAYS_EMBED_SWIFT_STANDARD_LIBRARIES = YES;
				CODE_SIGN_STYLE = Automatic;
				CURRENT_PROJECT_VERSION = 1;
				DEVELOPMENT_TEAM = 86VT643277;
				GENERATE_INFOPLIST_FILE = YES;
				MARKETING_VERSION = 1.0;
				PRODUCT_BUNDLE_IDENTIFIER = "-2.-DVizualizerUITests";
				PRODUCT_NAME = "$(TARGET_NAME)";
				SWIFT_EMIT_LOC_STRINGS = NO;
				SWIFT_VERSION = 5.0;
				TARGETED_DEVICE_FAMILY = "1,2";
				TEST_TARGET_NAME = 3DVizualizer;
			};
			name = Debug;
		};
		8BEB82882AC473A000ED08E3 /* Release */ = {
			isa = XCBuildConfiguration;
			buildSettings = {
				ALWAYS_EMBED_SWIFT_STANDARD_LIBRARIES = YES;
				CODE_SIGN_STYLE = Automatic;
				CURRENT_PROJECT_VERSION = 1;
				DEVELOPMENT_TEAM = 86VT643277;
				GENERATE_INFOPLIST_FILE = YES;
				MARKETING_VERSION = 1.0;
				PRODUCT_BUNDLE_IDENTIFIER = "-2.-DVizualizerUITests";
				PRODUCT_NAME = "$(TARGET_NAME)";
				SWIFT_EMIT_LOC_STRINGS = NO;
				SWIFT_VERSION = 5.0;
				TARGETED_DEVICE_FAMILY = "1,2";
				TEST_TARGET_NAME = 3DVizualizer;
			};
			name = Release;
		};
/* End XCBuildConfiguration section */

/* Begin XCConfigurationList section */
		8BEB82572AC4739E00ED08E3 /* Build configuration list for PBXProject "3DVizualizer" */ = {
			isa = XCConfigurationList;
			buildConfigurations = (
				8BEB827E2AC473A000ED08E3 /* Debug */,
				8BEB827F2AC473A000ED08E3 /* Release */,
			);
			defaultConfigurationIsVisible = 0;
			defaultConfigurationName = Release;
		};
		8BEB82802AC473A000ED08E3 /* Build configuration list for PBXNativeTarget "3DVizualizer" */ = {
			isa = XCConfigurationList;
			buildConfigurations = (
				8BEB82812AC473A000ED08E3 /* Debug */,
				8BEB82822AC473A000ED08E3 /* Release */,
			);
			defaultConfigurationIsVisible = 0;
			defaultConfigurationName = Release;
		};
		8BEB82832AC473A000ED08E3 /* Build configuration list for PBXNativeTarget "3DVizualizerTests" */ = {
			isa = XCConfigurationList;
			buildConfigurations = (
				8BEB82842AC473A000ED08E3 /* Debug */,
				8BEB82852AC473A000ED08E3 /* Release */,
			);
			defaultConfigurationIsVisible = 0;
			defaultConfigurationName = Release;
		};
		8BEB82862AC473A000ED08E3 /* Build configuration list for PBXNativeTarget "3DVizualizerUITests" */ = {
			isa = XCConfigurationList;
			buildConfigurations = (
				8BEB82872AC473A000ED08E3 /* Debug */,
				8BEB82882AC473A000ED08E3 /* Release */,
			);
			defaultConfigurationIsVisible = 0;
			defaultConfigurationName = Release;
		};
/* End XCConfigurationList section */
	};
	rootObject = 8BEB82542AC4739E00ED08E3 /* Project object */;
}
